
Microsoft Visual Studio Solution File, Format Version 12.00
# Visual Studio Version 17
VisualStudioVersion = 17.6.33606.364
MinimumVisualStudioVersion = 10.0.40219.1
Project("{9A19103F-16F7-4668-BE54-9A1E7A4F7556}") = "Shared", "Shared\Shared.csproj", "{DCB1766C-5B6E-4003-AD48-F5ADF08E7419}"
EndProject
Project("{9A19103F-16F7-4668-BE54-9A1E7A4F7556}") = "Brain", "Brain\Brain.csproj", "{C9B85C58-B94D-49C6-A524-F5BF1B20195D}"
EndProject
Project("{9A19103F-16F7-4668-BE54-9A1E7A4F7556}") = "Debugger", "Debugger\Debugger.csproj", "{C1C00DD0-6F2D-43E4-85A6-AB0E99F85188}"
EndProject
Project("{9A19103F-16F7-4668-BE54-9A1E7A4F7556}") = "IO", "IO\IO.csproj", "{4B6631B4-6B7A-4C49-9728-8DC512575209}"
EndProject
Project("{FAE04EC0-301F-11D3-BF4B-00C04F79EFBC}") = "Orchestrator", "Orchestrator\Orchestrator.csproj", "{F2E95136-9477-4D5B-981A-9012EAF0D17F}"
EndProject
Project("{FAE04EC0-301F-11D3-BF4B-00C04F79EFBC}") = "DebugServer", "DebugServer\DebugServer.csproj", "{6A4B2682-EA57-4376-B827-62755D7F7EB4}"
EndProject
Project("{FAE04EC0-301F-11D3-BF4B-00C04F79EFBC}") = "DebugFileWriter", "DebugFileWriter\DebugFileWriter.csproj", "{2442A8C9-9E00-4502-A4B3-01BEEF326D79}"
EndProject
Project("{FAE04EC0-301F-11D3-BF4B-00C04F79EFBC}") = "DebugLogViewer", "DebugLogViewer\DebugLogViewer.csproj", "{D9E47968-094F-4870-95BA-09C4A2793919}"
EndProject
Global
	GlobalSection(SolutionConfigurationPlatforms) = preSolution
		Debug|Any CPU = Debug|Any CPU
		Release|Any CPU = Release|Any CPU
	EndGlobalSection
	GlobalSection(ProjectConfigurationPlatforms) = postSolution
		{DCB1766C-5B6E-4003-AD48-F5ADF08E7419}.Debug|Any CPU.ActiveCfg = Debug|Any CPU
		{DCB1766C-5B6E-4003-AD48-F5ADF08E7419}.Debug|Any CPU.Build.0 = Debug|Any CPU
		{DCB1766C-5B6E-4003-AD48-F5ADF08E7419}.Release|Any CPU.ActiveCfg = Release|Any CPU
		{DCB1766C-5B6E-4003-AD48-F5ADF08E7419}.Release|Any CPU.Build.0 = Release|Any CPU
		{C9B85C58-B94D-49C6-A524-F5BF1B20195D}.Debug|Any CPU.ActiveCfg = Debug|Any CPU
		{C9B85C58-B94D-49C6-A524-F5BF1B20195D}.Debug|Any CPU.Build.0 = Debug|Any CPU
		{C9B85C58-B94D-49C6-A524-F5BF1B20195D}.Release|Any CPU.ActiveCfg = Release|Any CPU
		{C9B85C58-B94D-49C6-A524-F5BF1B20195D}.Release|Any CPU.Build.0 = Release|Any CPU
		{C1C00DD0-6F2D-43E4-85A6-AB0E99F85188}.Debug|Any CPU.ActiveCfg = Debug|Any CPU
		{C1C00DD0-6F2D-43E4-85A6-AB0E99F85188}.Debug|Any CPU.Build.0 = Debug|Any CPU
		{C1C00DD0-6F2D-43E4-85A6-AB0E99F85188}.Release|Any CPU.ActiveCfg = Release|Any CPU
		{C1C00DD0-6F2D-43E4-85A6-AB0E99F85188}.Release|Any CPU.Build.0 = Release|Any CPU
		{4B6631B4-6B7A-4C49-9728-8DC512575209}.Debug|Any CPU.ActiveCfg = Debug|Any CPU
		{4B6631B4-6B7A-4C49-9728-8DC512575209}.Debug|Any CPU.Build.0 = Debug|Any CPU
		{4B6631B4-6B7A-4C49-9728-8DC512575209}.Release|Any CPU.ActiveCfg = Release|Any CPU
		{4B6631B4-6B7A-4C49-9728-8DC512575209}.Release|Any CPU.Build.0 = Release|Any CPU
		{F2E95136-9477-4D5B-981A-9012EAF0D17F}.Debug|Any CPU.ActiveCfg = Debug|Any CPU
		{F2E95136-9477-4D5B-981A-9012EAF0D17F}.Debug|Any CPU.Build.0 = Debug|Any CPU
		{F2E95136-9477-4D5B-981A-9012EAF0D17F}.Release|Any CPU.ActiveCfg = Release|Any CPU
		{F2E95136-9477-4D5B-981A-9012EAF0D17F}.Release|Any CPU.Build.0 = Release|Any CPU
		{6A4B2682-EA57-4376-B827-62755D7F7EB4}.Debug|Any CPU.ActiveCfg = Debug|Any CPU
		{6A4B2682-EA57-4376-B827-62755D7F7EB4}.Debug|Any CPU.Build.0 = Debug|Any CPU
		{6A4B2682-EA57-4376-B827-62755D7F7EB4}.Release|Any CPU.ActiveCfg = Release|Any CPU
		{6A4B2682-EA57-4376-B827-62755D7F7EB4}.Release|Any CPU.Build.0 = Release|Any CPU
		{2442A8C9-9E00-4502-A4B3-01BEEF326D79}.Debug|Any CPU.ActiveCfg = Debug|Any CPU
		{2442A8C9-9E00-4502-A4B3-01BEEF326D79}.Debug|Any CPU.Build.0 = Debug|Any CPU
		{2442A8C9-9E00-4502-A4B3-01BEEF326D79}.Release|Any CPU.ActiveCfg = Release|Any CPU
		{2442A8C9-9E00-4502-A4B3-01BEEF326D79}.Release|Any CPU.Build.0 = Release|Any CPU
		{D9E47968-094F-4870-95BA-09C4A2793919}.Debug|Any CPU.ActiveCfg = Debug|Any CPU
		{D9E47968-094F-4870-95BA-09C4A2793919}.Debug|Any CPU.Build.0 = Debug|Any CPU
		{D9E47968-094F-4870-95BA-09C4A2793919}.Release|Any CPU.ActiveCfg = Release|Any CPU
		{D9E47968-094F-4870-95BA-09C4A2793919}.Release|Any CPU.Build.0 = Release|Any CPU
	EndGlobalSection
	GlobalSection(SolutionProperties) = preSolution
		HideSolutionNode = FALSE
	EndGlobalSection
	GlobalSection(ExtensibilityGlobals) = postSolution
		SolutionGuid = {32266E9F-5132-4EDF-860F-3473461E49A4}
	EndGlobalSection
EndGlobal
